
Microsoft Visual Studio Solution File, Format Version 12.00
# Visual Studio Version 16
VisualStudioVersion = 16.0.32413.511
MinimumVisualStudioVersion = 10.0.40219.1
Project("{FAE04EC0-301F-11D3-BF4B-00C04F79EFBC}") = "InternetBankingAPI", "InternetBankingAPI.csproj", "{A39FF635-F2EB-40CE-9C02-3FAD249B7531}"
EndProject
Global
	GlobalSection(SolutionConfigurationPlatforms) = preSolution
		Debug|Any CPU = Debug|Any CPU
		Release|Any CPU = Release|Any CPU
	EndGlobalSection
	GlobalSection(ProjectConfigurationPlatforms) = postSolution
		{A39FF635-F2EB-40CE-9C02-3FAD249B7531}.Debug|Any CPU.ActiveCfg = Debug|Any CPU
		{A39FF635-F2EB-40CE-9C02-3FAD249B7531}.Debug|Any CPU.Build.0 = Debug|Any CPU
		{A39FF635-F2EB-40CE-9C02-3FAD249B7531}.Release|Any CPU.ActiveCfg = Release|Any CPU
		{A39FF635-F2EB-40CE-9C02-3FAD249B7531}.Release|Any CPU.Build.0 = Release|Any CPU
	EndGlobalSection
	GlobalSection(SolutionProperties) = preSolution
		HideSolutionNode = FALSE
	EndGlobalSection
	GlobalSection(ExtensibilityGlobals) = postSolution
		SolutionGuid = {ED101BAE-BB09-4A11-99A3-5037B14FE434}
	EndGlobalSection
EndGlobal
